// !$*UTF8*$!
{
	archiveVersion = 1;
	classes = {
	};
	objectVersion = 51;
	objects = {

/* Begin PBXBuildFile section */
		224DE9DBFAAACB514AB47FB7 /* Pods_LomoAgentLauncher.framework in Frameworks */ = {isa = PBXBuildFile; fileRef = 0B75321B0D26ACE9E3138A1A /* Pods_LomoAgentLauncher.framework */; };
		3A1436512320C86700E0F154 /* LomoUpgrade.swift in Sources */ = {isa = PBXBuildFile; fileRef = 3A1436502320C86700E0F154 /* LomoUpgrade.swift */; };
		3A1666E626FC599B008F1250 /* lomoc in Resources */ = {isa = PBXBuildFile; fileRef = 3A1666E526FC599A008F1250 /* lomoc */; };
		3A1666E726FC59B5008F1250 /* lomoc in CopyFiles */ = {isa = PBXBuildFile; fileRef = 3A1666E526FC599A008F1250 /* lomoc */; settings = {ATTRIBUTES = (CodeSignOnCopy, ); }; };
		3A16D9D2231C501F0092EADD /* AppDelegate.swift in Sources */ = {isa = PBXBuildFile; fileRef = 3A16D9D1231C501F0092EADD /* AppDelegate.swift */; };
		3A16D9D4231C50270092EADD /* Assets.xcassets in Resources */ = {isa = PBXBuildFile; fileRef = 3A16D9D3231C50270092EADD /* Assets.xcassets */; };
		3A16D9E1231C53290092EADD /* ServiceManagement.framework in Frameworks */ = {isa = PBXBuildFile; fileRef = 3A16D9E0231C53290092EADD /* ServiceManagement.framework */; };
		3A16D9E3231C605F0092EADD /* main.swift in Sources */ = {isa = PBXBuildFile; fileRef = 3A16D9E2231C605F0092EADD /* main.swift */; };
		3A23EFCC2422FD3100906032 /* exiftool in CopyFiles */ = {isa = PBXBuildFile; fileRef = 3A23EFCB2422FD3100906032 /* exiftool */; settings = {ATTRIBUTES = (CodeSignOnCopy, ); }; };
		3A23EFCF2422FDC400906032 /* lib in CopyFiles */ = {isa = PBXBuildFile; fileRef = 3A23EFCD2422FD4E00906032 /* lib */; settings = {ATTRIBUTES = (CodeSignOnCopy, ); }; };
		3A2FE40022E2B339000022B0 /* QRImage.swift in Sources */ = {isa = PBXBuildFile; fileRef = 3A2FE3FF22E2B339000022B0 /* QRImage.swift */; };
		3A35C5DA2240B5F30030FF1B /* lomod in CopyFiles */ = {isa = PBXBuildFile; fileRef = 3A35C5D52240B5E90030FF1B /* lomod */; settings = {ATTRIBUTES = (CodeSignOnCopy, ); }; };
		3A35C5DD2240B6040030FF1B /* lomod in CopyFiles */ = {isa = PBXBuildFile; fileRef = 3A35C5CE2240B5A90030FF1B /* lomod */; settings = {ATTRIBUTES = (CodeSignOnCopy, ); }; };
		3A35C5E122435B710030FF1B /* PreferencesWindow.xib in Resources */ = {isa = PBXBuildFile; fileRef = 3A35C5E322435B710030FF1B /* PreferencesWindow.xib */; };
		3A35C5EA224365340030FF1B /* AboutWindow.swift in Sources */ = {isa = PBXBuildFile; fileRef = 3A35C5E8224365340030FF1B /* AboutWindow.swift */; };
		3A35C5EC22436CBA0030FF1B /* AboutWindow.xib in Resources */ = {isa = PBXBuildFile; fileRef = 3A35C5EE22436CBA0030FF1B /* AboutWindow.xib */; };
		3A3896FC222F77FA004A2001 /* AppDelegate.swift in Sources */ = {isa = PBXBuildFile; fileRef = 3A3896FB222F77FA004A2001 /* AppDelegate.swift */; };
		3A3896FE222F7801004A2001 /* Assets.xcassets in Resources */ = {isa = PBXBuildFile; fileRef = 3A3896FD222F7801004A2001 /* Assets.xcassets */; };
		3A389701222F7801004A2001 /* MainMenu.xib in Resources */ = {isa = PBXBuildFile; fileRef = 3A3896FF222F7801004A2001 /* MainMenu.xib */; };
		3A38970A222F8168004A2001 /* StatusMenuController.swift in Sources */ = {isa = PBXBuildFile; fileRef = 3A389709222F8168004A2001 /* StatusMenuController.swift */; };
		3A38970F22321A03004A2001 /* PreferencesWindow.swift in Sources */ = {isa = PBXBuildFile; fileRef = 3A38970D22321A03004A2001 /* PreferencesWindow.swift */; };
		3A8BEF0A22E419BB00DAE39C /* Localizable.strings in Resources */ = {isa = PBXBuildFile; fileRef = 3A8BEF0C22E419BB00DAE39C /* Localizable.strings */; };
		3A8BEF0F22E419F500DAE39C /* Localizable.swift in Sources */ = {isa = PBXBuildFile; fileRef = 3A8BEF0E22E419F500DAE39C /* Localizable.swift */; };
		3A8BEF1122E4BA0B00DAE39C /* LomodService.swift in Sources */ = {isa = PBXBuildFile; fileRef = 3A8BEF1022E4BA0B00DAE39C /* LomodService.swift */; };
		3A94CC2E22E407A9002207D5 /* utils.swift in Sources */ = {isa = PBXBuildFile; fileRef = 3A94CC2D22E407A9002207D5 /* utils.swift */; };
		3AC3E846229F9B60004EA1D7 /* HyperlinkTextField.swift in Sources */ = {isa = PBXBuildFile; fileRef = 3AC3E845229F9B60004EA1D7 /* HyperlinkTextField.swift */; };
		3AE33D3B23244F2E00B81C13 /* rsync in CopyFiles */ = {isa = PBXBuildFile; fileRef = 3A818C152320D36A00B110B3 /* rsync */; settings = {ATTRIBUTES = (CodeSignOnCopy, ); }; };
		3AE33D3E23244F6400B81C13 /* lomoupg in CopyFiles */ = {isa = PBXBuildFile; fileRef = 3AE33D3C23244F5100B81C13 /* lomoupg */; settings = {ATTRIBUTES = (CodeSignOnCopy, ); }; };
		3AE33D422324CD9300B81C13 /* LomoAgentLauncher.app in CopyFiles */ = {isa = PBXBuildFile; fileRef = 3A16D9CF231C501F0092EADD /* LomoAgentLauncher.app */; settings = {ATTRIBUTES = (RemoveHeadersOnCopy, ); }; };
		3AE5886424569FD40079CB36 /* UserWindow.xib in Resources */ = {isa = PBXBuildFile; fileRef = 3AE5886624569FD40079CB36 /* UserWindow.xib */; };
		3AE5886C2456A0F60079CB36 /* UserWindow.swift in Sources */ = {isa = PBXBuildFile; fileRef = 3AE5886B2456A0F60079CB36 /* UserWindow.swift */; };
		3AE8C8A323A44924009FA2E9 /* lomo-web in CopyFiles */ = {isa = PBXBuildFile; fileRef = 3AE8C8A123A4464C009FA2E9 /* lomo-web */; settings = {ATTRIBUTES = (CodeSignOnCopy, ); }; };
		3AEB69A92419673300F57177 /* ffmpeg in CopyFiles */ = {isa = PBXBuildFile; fileRef = 3AEB69A82419673300F57177 /* ffmpeg */; settings = {ATTRIBUTES = (CodeSignOnCopy, ); }; };
		3AEB69AB24196C6F00F57177 /* ffprobe in CopyFiles */ = {isa = PBXBuildFile; fileRef = 3AEB69AA24196C6F00F57177 /* ffprobe */; settings = {ATTRIBUTES = (CodeSignOnCopy, ); }; };
		3AEB69AD24196C8700F57177 /* ffmpeg in CopyFiles */ = {isa = PBXBuildFile; fileRef = 3AEB69AC24196C8700F57177 /* ffmpeg */; settings = {ATTRIBUTES = (CodeSignOnCopy, ); }; };
		4EC270328FC84ECCB0FA9CB1 /* Pods_LomoAgent.framework in Frameworks */ = {isa = PBXBuildFile; fileRef = A9542EC456060AE536C4531A /* Pods_LomoAgent.framework */; };
/* End PBXBuildFile section */

/* Begin PBXCopyFilesBuildPhase section */
		3A16D9DD231C524E0092EADD /* CopyFiles */ = {
			isa = PBXCopyFilesBuildPhase;
			buildActionMask = 2147483647;
			dstPath = Contents/Library/LoginItems;
			dstSubfolderSpec = 1;
			files = (
				3AE33D422324CD9300B81C13 /* LomoAgentLauncher.app in CopyFiles */,
			);
			runOnlyForDeploymentPostprocessing = 0;
		};
		3A35C5D22240B5C00030FF1B /* CopyFiles */ = {
			isa = PBXCopyFilesBuildPhase;
			buildActionMask = 2147483647;
			dstPath = "";
			dstSubfolderSpec = 6;
			files = (
				3A1666E726FC59B5008F1250 /* lomoc in CopyFiles */,
				3A23EFCF2422FDC400906032 /* lib in CopyFiles */,
				3A23EFCC2422FD3100906032 /* exiftool in CopyFiles */,
				3AEB69AB24196C6F00F57177 /* ffprobe in CopyFiles */,
				3AEB69A92419673300F57177 /* ffmpeg in CopyFiles */,
				3AE8C8A323A44924009FA2E9 /* lomo-web in CopyFiles */,
				3AE33D3E23244F6400B81C13 /* lomoupg in CopyFiles */,
				3AE33D3B23244F2E00B81C13 /* rsync in CopyFiles */,
				3A35C5DA2240B5F30030FF1B /* lomod in CopyFiles */,
			);
			runOnlyForDeploymentPostprocessing = 0;
		};
		3A35C5DB2240B5F70030FF1B /* CopyFiles */ = {
			isa = PBXCopyFilesBuildPhase;
			buildActionMask = 2147483647;
			dstPath = "";
			dstSubfolderSpec = 10;
			files = (
				3AEB69AD24196C8700F57177 /* ffmpeg in CopyFiles */,
				3A35C5DD2240B6040030FF1B /* lomod in CopyFiles */,
			);
			runOnlyForDeploymentPostprocessing = 0;
		};
/* End PBXCopyFilesBuildPhase section */

/* Begin PBXFileReference section */
		0B75321B0D26ACE9E3138A1A /* Pods_LomoAgentLauncher.framework */ = {isa = PBXFileReference; explicitFileType = wrapper.framework; includeInIndex = 0; path = Pods_LomoAgentLauncher.framework; sourceTree = BUILT_PRODUCTS_DIR; };
		0BC870F0F7BFB0BD3ECD9A6F /* Pods-LomoAgentLauncher.release.xcconfig */ = {isa = PBXFileReference; includeInIndex = 1; lastKnownFileType = text.xcconfig; name = "Pods-LomoAgentLauncher.release.xcconfig"; path = "Pods/Target Support Files/Pods-LomoAgentLauncher/Pods-LomoAgentLauncher.release.xcconfig"; sourceTree = "<group>"; };
		116707D12FB1B16BD38492A2 /* Pods-LomoAgent.debug.xcconfig */ = {isa = PBXFileReference; includeInIndex = 1; lastKnownFileType = text.xcconfig; name = "Pods-LomoAgent.debug.xcconfig"; path = "Pods/Target Support Files/Pods-LomoAgent/Pods-LomoAgent.debug.xcconfig"; sourceTree = "<group>"; };
		3A1436502320C86700E0F154 /* LomoUpgrade.swift */ = {isa = PBXFileReference; lastKnownFileType = sourcecode.swift; path = LomoUpgrade.swift; sourceTree = "<group>"; };
		3A1666E526FC599A008F1250 /* lomoc */ = {isa = PBXFileReference; lastKnownFileType = "compiled.mach-o.executable"; name = lomoc; path = dependencies/lomod/Contents/MacOS/lomoc; sourceTree = "<group>"; };
		3A16D9CF231C501F0092EADD /* LomoAgentLauncher.app */ = {isa = PBXFileReference; explicitFileType = wrapper.application; includeInIndex = 0; path = LomoAgentLauncher.app; sourceTree = BUILT_PRODUCTS_DIR; };
		3A16D9D1231C501F0092EADD /* AppDelegate.swift */ = {isa = PBXFileReference; lastKnownFileType = sourcecode.swift; path = AppDelegate.swift; sourceTree = "<group>"; };
		3A16D9D3231C50270092EADD /* Assets.xcassets */ = {isa = PBXFileReference; lastKnownFileType = folder.assetcatalog; path = Assets.xcassets; sourceTree = "<group>"; };
		3A16D9D8231C50270092EADD /* Info.plist */ = {isa = PBXFileReference; lastKnownFileType = text.plist.xml; path = Info.plist; sourceTree = "<group>"; };
		3A16D9D9231C50270092EADD /* LomoAgentLauncher.entitlements */ = {isa = PBXFileReference; lastKnownFileType = text.plist.entitlements; path = LomoAgentLauncher.entitlements; sourceTree = "<group>"; };
		3A16D9E0231C53290092EADD /* ServiceManagement.framework */ = {isa = PBXFileReference; lastKnownFileType = wrapper.framework; name = ServiceManagement.framework; path = System/Library/Frameworks/ServiceManagement.framework; sourceTree = SDKROOT; };
		3A16D9E2231C605F0092EADD /* main.swift */ = {isa = PBXFileReference; lastKnownFileType = sourcecode.swift; path = main.swift; sourceTree = "<group>"; };
		3A23EFCB2422FD3100906032 /* exiftool */ = {isa = PBXFileReference; lastKnownFileType = text.script.perl; name = exiftool; path = dependencies/lomod/Contents/MacOS/exiftool; sourceTree = "<group>"; };
		3A23EFCD2422FD4E00906032 /* lib */ = {isa = PBXFileReference; lastKnownFileType = folder; name = lib; path = dependencies/lomod/Contents/MacOS/lib; sourceTree = "<group>"; };
		3A2FE3FF22E2B339000022B0 /* QRImage.swift */ = {isa = PBXFileReference; fileEncoding = 4; lastKnownFileType = sourcecode.swift; path = QRImage.swift; sourceTree = "<group>"; };
		3A2FE40122E2BC34000022B0 /* Bridging-Header.h */ = {isa = PBXFileReference; lastKnownFileType = sourcecode.c.h; path = "Bridging-Header.h"; sourceTree = "<group>"; };
		3A35C5CE2240B5A90030FF1B /* lomod */ = {isa = PBXFileReference; lastKnownFileType = folder; name = lomod; path = dependencies/lomod/Contents/Frameworks/lomod; sourceTree = "<group>"; };
		3A35C5D52240B5E90030FF1B /* lomod */ = {isa = PBXFileReference; lastKnownFileType = "compiled.mach-o.executable"; name = lomod; path = dependencies/lomod/Contents/MacOS/lomod; sourceTree = "<group>"; };
		3A35C5E222435B710030FF1B /* Base */ = {isa = PBXFileReference; lastKnownFileType = file.xib; name = Base; path = Base.lproj/PreferencesWindow.xib; sourceTree = "<group>"; };
		3A35C5E522435B760030FF1B /* en */ = {isa = PBXFileReference; lastKnownFileType = text.plist.strings; name = en; path = en.lproj/PreferencesWindow.strings; sourceTree = "<group>"; };
		3A35C5E722435B770030FF1B /* zh-Hans */ = {isa = PBXFileReference; lastKnownFileType = text.plist.strings; name = "zh-Hans"; path = "zh-Hans.lproj/PreferencesWindow.strings"; sourceTree = "<group>"; };
		3A35C5E8224365340030FF1B /* AboutWindow.swift */ = {isa = PBXFileReference; lastKnownFileType = sourcecode.swift; path = AboutWindow.swift; sourceTree = "<group>"; };
		3A35C5ED22436CBA0030FF1B /* Base */ = {isa = PBXFileReference; lastKnownFileType = file.xib; name = Base; path = Base.lproj/AboutWindow.xib; sourceTree = "<group>"; };
		3A35C5F022436CBC0030FF1B /* en */ = {isa = PBXFileReference; lastKnownFileType = text.plist.strings; name = en; path = en.lproj/AboutWindow.strings; sourceTree = "<group>"; };
		3A35C5F222436CBD0030FF1B /* zh-Hans */ = {isa = PBXFileReference; lastKnownFileType = text.plist.strings; name = "zh-Hans"; path = "zh-Hans.lproj/AboutWindow.strings"; sourceTree = "<group>"; };
		3A3896F8222F77FA004A2001 /* LomoAgent.app */ = {isa = PBXFileReference; explicitFileType = wrapper.application; includeInIndex = 0; path = LomoAgent.app; sourceTree = BUILT_PRODUCTS_DIR; };
		3A3896FB222F77FA004A2001 /* AppDelegate.swift */ = {isa = PBXFileReference; lastKnownFileType = sourcecode.swift; path = AppDelegate.swift; sourceTree = "<group>"; };
		3A3896FD222F7801004A2001 /* Assets.xcassets */ = {isa = PBXFileReference; lastKnownFileType = folder.assetcatalog; path = Assets.xcassets; sourceTree = "<group>"; };
		3A389700222F7801004A2001 /* Base */ = {isa = PBXFileReference; lastKnownFileType = file.xib; name = Base; path = Base.lproj/MainMenu.xib; sourceTree = "<group>"; };
		3A389702222F7801004A2001 /* Info.plist */ = {isa = PBXFileReference; lastKnownFileType = text.plist.xml; path = Info.plist; sourceTree = "<group>"; };
		3A389703222F7801004A2001 /* LomoAgent.entitlements */ = {isa = PBXFileReference; lastKnownFileType = text.plist.entitlements; path = LomoAgent.entitlements; sourceTree = "<group>"; };
		3A389709222F8168004A2001 /* StatusMenuController.swift */ = {isa = PBXFileReference; lastKnownFileType = sourcecode.swift; path = StatusMenuController.swift; sourceTree = "<group>"; };
		3A38970D22321A03004A2001 /* PreferencesWindow.swift */ = {isa = PBXFileReference; lastKnownFileType = sourcecode.swift; path = PreferencesWindow.swift; sourceTree = "<group>"; };
		3A818C152320D36A00B110B3 /* rsync */ = {isa = PBXFileReference; lastKnownFileType = "compiled.mach-o.executable"; name = rsync; path = dependencies/lomod/Contents/MacOS/rsync; sourceTree = "<group>"; };
		3A8BEF0B22E419BB00DAE39C /* en */ = {isa = PBXFileReference; lastKnownFileType = text.plist.strings; name = en; path = en.lproj/Localizable.strings; sourceTree = "<group>"; };
		3A8BEF0D22E419BD00DAE39C /* zh-Hans */ = {isa = PBXFileReference; lastKnownFileType = text.plist.strings; name = "zh-Hans"; path = "zh-Hans.lproj/Localizable.strings"; sourceTree = "<group>"; };
		3A8BEF0E22E419F500DAE39C /* Localizable.swift */ = {isa = PBXFileReference; lastKnownFileType = sourcecode.swift; path = Localizable.swift; sourceTree = "<group>"; };
		3A8BEF1022E4BA0B00DAE39C /* LomodService.swift */ = {isa = PBXFileReference; lastKnownFileType = sourcecode.swift; path = LomodService.swift; sourceTree = "<group>"; };
		3A94CC2D22E407A9002207D5 /* utils.swift */ = {isa = PBXFileReference; lastKnownFileType = sourcecode.swift; path = utils.swift; sourceTree = "<group>"; };
		3AC3E845229F9B60004EA1D7 /* HyperlinkTextField.swift */ = {isa = PBXFileReference; lastKnownFileType = sourcecode.swift; path = HyperlinkTextField.swift; sourceTree = "<group>"; };
		3AE33D3C23244F5100B81C13 /* lomoupg */ = {isa = PBXFileReference; lastKnownFileType = "compiled.mach-o.executable"; name = lomoupg; path = dependencies/lomod/Contents/MacOS/lomoupg; sourceTree = "<group>"; };
		3AE5886524569FD40079CB36 /* Base */ = {isa = PBXFileReference; lastKnownFileType = file.xib; name = Base; path = Base.lproj/UserWindow.xib; sourceTree = "<group>"; };
		3AE5886824569FDB0079CB36 /* en */ = {isa = PBXFileReference; lastKnownFileType = text.plist.strings; name = en; path = en.lproj/UserWindow.strings; sourceTree = "<group>"; };
		3AE5886B2456A0F60079CB36 /* UserWindow.swift */ = {isa = PBXFileReference; lastKnownFileType = sourcecode.swift; path = UserWindow.swift; sourceTree = "<group>"; };
		3AE5886E245948990079CB36 /* zh-Hans */ = {isa = PBXFileReference; lastKnownFileType = text.plist.strings; name = "zh-Hans"; path = "zh-Hans.lproj/UserWindow.strings"; sourceTree = "<group>"; };
		3AE58870245949350079CB36 /* zh-Hans */ = {isa = PBXFileReference; lastKnownFileType = text.plist.strings; name = "zh-Hans"; path = "zh-Hans.lproj/MainMenu.strings"; sourceTree = "<group>"; };
		3AE5887224594A270079CB36 /* en */ = {isa = PBXFileReference; lastKnownFileType = text.plist.strings; name = en; path = en.lproj/MainMenu.strings; sourceTree = "<group>"; };
		3AE8C8A123A4464C009FA2E9 /* lomo-web */ = {isa = PBXFileReference; lastKnownFileType = "compiled.mach-o.executable"; name = "lomo-web"; path = "dependencies/lomod/Contents/MacOS/lomo-web"; sourceTree = "<group>"; };
		3AEB69A82419673300F57177 /* ffmpeg */ = {isa = PBXFileReference; lastKnownFileType = "compiled.mach-o.executable"; name = ffmpeg; path = dependencies/lomod/Contents/MacOS/ffmpeg; sourceTree = "<group>"; };
		3AEB69AA24196C6F00F57177 /* ffprobe */ = {isa = PBXFileReference; lastKnownFileType = "compiled.mach-o.executable"; name = ffprobe; path = dependencies/lomod/Contents/MacOS/ffprobe; sourceTree = "<group>"; };
		3AEB69AC24196C8700F57177 /* ffmpeg */ = {isa = PBXFileReference; lastKnownFileType = folder; name = ffmpeg; path = dependencies/lomod/Contents/Frameworks/ffmpeg; sourceTree = "<group>"; };
		7F29134117C52A44E7560EE1 /* Pods-LomoAgent.release.xcconfig */ = {isa = PBXFileReference; includeInIndex = 1; lastKnownFileType = text.xcconfig; name = "Pods-LomoAgent.release.xcconfig"; path = "Pods/Target Support Files/Pods-LomoAgent/Pods-LomoAgent.release.xcconfig"; sourceTree = "<group>"; };
		A9542EC456060AE536C4531A /* Pods_LomoAgent.framework */ = {isa = PBXFileReference; explicitFileType = wrapper.framework; includeInIndex = 0; path = Pods_LomoAgent.framework; sourceTree = BUILT_PRODUCTS_DIR; };
		CEF4596F6EE46EA8DD33E70A /* Pods-LomoAgentLauncher.debug.xcconfig */ = {isa = PBXFileReference; includeInIndex = 1; lastKnownFileType = text.xcconfig; name = "Pods-LomoAgentLauncher.debug.xcconfig"; path = "Pods/Target Support Files/Pods-LomoAgentLauncher/Pods-LomoAgentLauncher.debug.xcconfig"; sourceTree = "<group>"; };
/* End PBXFileReference section */

/* Begin PBXFrameworksBuildPhase section */
		3A16D9CC231C501F0092EADD /* Frameworks */ = {
			isa = PBXFrameworksBuildPhase;
			buildActionMask = 2147483647;
			files = (
				224DE9DBFAAACB514AB47FB7 /* Pods_LomoAgentLauncher.framework in Frameworks */,
			);
			runOnlyForDeploymentPostprocessing = 0;
		};
		3A3896F5222F77FA004A2001 /* Frameworks */ = {
			isa = PBXFrameworksBuildPhase;
			buildActionMask = 2147483647;
			files = (
				3A16D9E1231C53290092EADD /* ServiceManagement.framework in Frameworks */,
				4EC270328FC84ECCB0FA9CB1 /* Pods_LomoAgent.framework in Frameworks */,
			);
			runOnlyForDeploymentPostprocessing = 0;
		};
/* End PBXFrameworksBuildPhase section */

/* Begin PBXGroup section */
		33287C0CC8DB0A8DC1945D62 /* Pods */ = {
			isa = PBXGroup;
			children = (
				116707D12FB1B16BD38492A2 /* Pods-LomoAgent.debug.xcconfig */,
				7F29134117C52A44E7560EE1 /* Pods-LomoAgent.release.xcconfig */,
				CEF4596F6EE46EA8DD33E70A /* Pods-LomoAgentLauncher.debug.xcconfig */,
				0BC870F0F7BFB0BD3ECD9A6F /* Pods-LomoAgentLauncher.release.xcconfig */,
			);
			name = Pods;
			sourceTree = "<group>";
		};
		3A16D9D0231C501F0092EADD /* LomoAgentLauncher */ = {
			isa = PBXGroup;
			children = (
				3A16D9E2231C605F0092EADD /* main.swift */,
				3A16D9D1231C501F0092EADD /* AppDelegate.swift */,
				3A16D9D3231C50270092EADD /* Assets.xcassets */,
				3A16D9D8231C50270092EADD /* Info.plist */,
				3A16D9D9231C50270092EADD /* LomoAgentLauncher.entitlements */,
			);
			path = LomoAgentLauncher;
			sourceTree = "<group>";
		};
		3A16D9DF231C53290092EADD /* Frameworks */ = {
			isa = PBXGroup;
			children = (
				3A16D9E0231C53290092EADD /* ServiceManagement.framework */,
				A9542EC456060AE536C4531A /* Pods_LomoAgent.framework */,
				0B75321B0D26ACE9E3138A1A /* Pods_LomoAgentLauncher.framework */,
			);
			name = Frameworks;
			sourceTree = "<group>";
		};
		3A35C5B52240A01D0030FF1B /* dependencies */ = {
			isa = PBXGroup;
			children = (
				3A35C5BF2240A3840030FF1B /* MacOS */,
				3A35C5BE2240A3730030FF1B /* Frameworks */,
			);
			name = dependencies;
			sourceTree = "<group>";
		};
		3A35C5BE2240A3730030FF1B /* Frameworks */ = {
			isa = PBXGroup;
			children = (
				3AEB69AC24196C8700F57177 /* ffmpeg */,
				3A35C5CE2240B5A90030FF1B /* lomod */,
			);
			name = Frameworks;
			sourceTree = "<group>";
		};
		3A35C5BF2240A3840030FF1B /* MacOS */ = {
			isa = PBXGroup;
			children = (
				3A23EFCB2422FD3100906032 /* exiftool */,
				3A23EFCD2422FD4E00906032 /* lib */,
				3AEB69AA24196C6F00F57177 /* ffprobe */,
				3AEB69A82419673300F57177 /* ffmpeg */,
				3AE8C8A123A4464C009FA2E9 /* lomo-web */,
				3AE33D3C23244F5100B81C13 /* lomoupg */,
				3A818C152320D36A00B110B3 /* rsync */,
				3A1666E526FC599A008F1250 /* lomoc */,
				3A35C5D52240B5E90030FF1B /* lomod */,
			);
			name = MacOS;
			sourceTree = "<group>";
		};
		3A3896EF222F77FA004A2001 = {
			isa = PBXGroup;
			children = (
				3A35C5B52240A01D0030FF1B /* dependencies */,
				3A3896FA222F77FA004A2001 /* LomoAgent */,
				3A16D9D0231C501F0092EADD /* LomoAgentLauncher */,
				3A3896F9222F77FA004A2001 /* Products */,
				3A16D9DF231C53290092EADD /* Frameworks */,
				33287C0CC8DB0A8DC1945D62 /* Pods */,
			);
			sourceTree = "<group>";
		};
		3A3896F9222F77FA004A2001 /* Products */ = {
			isa = PBXGroup;
			children = (
				3A3896F8222F77FA004A2001 /* LomoAgent.app */,
				3A16D9CF231C501F0092EADD /* LomoAgentLauncher.app */,
			);
			name = Products;
			sourceTree = "<group>";
		};
		3A3896FA222F77FA004A2001 /* LomoAgent */ = {
			isa = PBXGroup;
			children = (
				3A1436502320C86700E0F154 /* LomoUpgrade.swift */,
				3A3896FB222F77FA004A2001 /* AppDelegate.swift */,
				3A2FE3FF22E2B339000022B0 /* QRImage.swift */,
				3A389709222F8168004A2001 /* StatusMenuController.swift */,
				3A94CC2D22E407A9002207D5 /* utils.swift */,
				3A3896FD222F7801004A2001 /* Assets.xcassets */,
				3A3896FF222F7801004A2001 /* MainMenu.xib */,
				3A8BEF0C22E419BB00DAE39C /* Localizable.strings */,
				3A8BEF0E22E419F500DAE39C /* Localizable.swift */,
				3A8BEF1022E4BA0B00DAE39C /* LomodService.swift */,
				3A38970D22321A03004A2001 /* PreferencesWindow.swift */,
				3AE5886B2456A0F60079CB36 /* UserWindow.swift */,
				3A35C5E322435B710030FF1B /* PreferencesWindow.xib */,
				3A2FE40122E2BC34000022B0 /* Bridging-Header.h */,
				3A35C5E8224365340030FF1B /* AboutWindow.swift */,
				3AC3E845229F9B60004EA1D7 /* HyperlinkTextField.swift */,
				3A35C5EE22436CBA0030FF1B /* AboutWindow.xib */,
				3AE5886624569FD40079CB36 /* UserWindow.xib */,
				3A389702222F7801004A2001 /* Info.plist */,
				3A389703222F7801004A2001 /* LomoAgent.entitlements */,
			);
			path = LomoAgent;
			sourceTree = "<group>";
		};
/* End PBXGroup section */

/* Begin PBXNativeTarget section */
		3A16D9CE231C501F0092EADD /* LomoAgentLauncher */ = {
			isa = PBXNativeTarget;
			buildConfigurationList = 3A16D9DC231C50270092EADD /* Build configuration list for PBXNativeTarget "LomoAgentLauncher" */;
			buildPhases = (
				2F682924D87FF2474F71A544 /* [CP] Check Pods Manifest.lock */,
				3A16D9CB231C501F0092EADD /* Sources */,
				3A16D9CC231C501F0092EADD /* Frameworks */,
				3A16D9CD231C501F0092EADD /* Resources */,
			);
			buildRules = (
			);
			dependencies = (
			);
			name = LomoAgentLauncher;
			productName = LomoAgentLauncher;
			productReference = 3A16D9CF231C501F0092EADD /* LomoAgentLauncher.app */;
			productType = "com.apple.product-type.application";
		};
		3A3896F7222F77FA004A2001 /* LomoAgent */ = {
			isa = PBXNativeTarget;
			buildConfigurationList = 3A389706222F7801004A2001 /* Build configuration list for PBXNativeTarget "LomoAgent" */;
			buildPhases = (
				45BD5E6229215F44609F8963 /* [CP] Check Pods Manifest.lock */,
				3A3896F4222F77FA004A2001 /* Sources */,
				3A3896F5222F77FA004A2001 /* Frameworks */,
				3A3896F6222F77FA004A2001 /* Resources */,
				3A35C5D22240B5C00030FF1B /* CopyFiles */,
				3A35C5DB2240B5F70030FF1B /* CopyFiles */,
				3A16D9DD231C524E0092EADD /* CopyFiles */,
				4C1BAAC71DEA636F9C18CFAE /* [CP] Embed Pods Frameworks */,
			);
			buildRules = (
			);
			dependencies = (
			);
			name = LomoAgent;
			productName = LomoAgent;
			productReference = 3A3896F8222F77FA004A2001 /* LomoAgent.app */;
			productType = "com.apple.product-type.application";
		};
/* End PBXNativeTarget section */

/* Begin PBXProject section */
		3A3896F0222F77FA004A2001 /* Project object */ = {
			isa = PBXProject;
			attributes = {
				LastSwiftUpdateCheck = 1030;
				LastUpgradeCheck = 1010;
				ORGANIZATIONNAME = lomoware;
				TargetAttributes = {
					3A16D9CE231C501F0092EADD = {
						CreatedOnToolsVersion = 10.3;
					};
					3A3896F7222F77FA004A2001 = {
						CreatedOnToolsVersion = 10.1;
						SystemCapabilities = {
							com.apple.Sandbox = {
								enabled = 0;
							};
						};
					};
				};
			};
			buildConfigurationList = 3A3896F3222F77FA004A2001 /* Build configuration list for PBXProject "LomoAgent" */;
			compatibilityVersion = "Xcode 9.3";
			developmentRegion = en;
			hasScannedForEncodings = 0;
			knownRegions = (
				en,
				Base,
				"zh-Hans",
			);
			mainGroup = 3A3896EF222F77FA004A2001;
			productRefGroup = 3A3896F9222F77FA004A2001 /* Products */;
			projectDirPath = "";
			projectRoot = "";
			targets = (
				3A3896F7222F77FA004A2001 /* LomoAgent */,
				3A16D9CE231C501F0092EADD /* LomoAgentLauncher */,
			);
		};
/* End PBXProject section */

/* Begin PBXResourcesBuildPhase section */
		3A16D9CD231C501F0092EADD /* Resources */ = {
			isa = PBXResourcesBuildPhase;
			buildActionMask = 2147483647;
			files = (
				3A16D9D4231C50270092EADD /* Assets.xcassets in Resources */,
			);
			runOnlyForDeploymentPostprocessing = 0;
		};
		3A3896F6222F77FA004A2001 /* Resources */ = {
			isa = PBXResourcesBuildPhase;
			buildActionMask = 2147483647;
			files = (
				3A8BEF0A22E419BB00DAE39C /* Localizable.strings in Resources */,
				3A3896FE222F7801004A2001 /* Assets.xcassets in Resources */,
				3AE5886424569FD40079CB36 /* UserWindow.xib in Resources */,
				3A35C5E122435B710030FF1B /* PreferencesWindow.xib in Resources */,
				3A389701222F7801004A2001 /* MainMenu.xib in Resources */,
				3A35C5EC22436CBA0030FF1B /* AboutWindow.xib in Resources */,
				3A1666E626FC599B008F1250 /* lomoc in Resources */,
			);
			runOnlyForDeploymentPostprocessing = 0;
		};
/* End PBXResourcesBuildPhase section */

/* Begin PBXShellScriptBuildPhase section */
		2F682924D87FF2474F71A544 /* [CP] Check Pods Manifest.lock */ = {
			isa = PBXShellScriptBuildPhase;
			buildActionMask = 2147483647;
			files = (
			);
			inputPaths = (
				"${PODS_PODFILE_DIR_PATH}/Podfile.lock",
				"${PODS_ROOT}/Manifest.lock",
			);
			name = "[CP] Check Pods Manifest.lock";
			outputPaths = (
				"$(DERIVED_FILE_DIR)/Pods-LomoAgentLauncher-checkManifestLockResult.txt",
			);
			runOnlyForDeploymentPostprocessing = 0;
			shellPath = /bin/sh;
			shellScript = "diff \"${PODS_PODFILE_DIR_PATH}/Podfile.lock\" \"${PODS_ROOT}/Manifest.lock\" > /dev/null\nif [ $? != 0 ] ; then\n    # print error to STDERR\n    echo \"error: The sandbox is not in sync with the Podfile.lock. Run 'pod install' or update your CocoaPods installation.\" >&2\n    exit 1\nfi\n# This output is used by Xcode 'outputs' to avoid re-running this script phase.\necho \"SUCCESS\" > \"${SCRIPT_OUTPUT_FILE_0}\"\n";
			showEnvVarsInLog = 0;
		};
		45BD5E6229215F44609F8963 /* [CP] Check Pods Manifest.lock */ = {
			isa = PBXShellScriptBuildPhase;
			buildActionMask = 2147483647;
			files = (
			);
			inputPaths = (
				"${PODS_PODFILE_DIR_PATH}/Podfile.lock",
				"${PODS_ROOT}/Manifest.lock",
			);
			name = "[CP] Check Pods Manifest.lock";
			outputPaths = (
				"$(DERIVED_FILE_DIR)/Pods-LomoAgent-checkManifestLockResult.txt",
			);
			runOnlyForDeploymentPostprocessing = 0;
			shellPath = /bin/sh;
			shellScript = "diff \"${PODS_PODFILE_DIR_PATH}/Podfile.lock\" \"${PODS_ROOT}/Manifest.lock\" > /dev/null\nif [ $? != 0 ] ; then\n    # print error to STDERR\n    echo \"error: The sandbox is not in sync with the Podfile.lock. Run 'pod install' or update your CocoaPods installation.\" >&2\n    exit 1\nfi\n# This output is used by Xcode 'outputs' to avoid re-running this script phase.\necho \"SUCCESS\" > \"${SCRIPT_OUTPUT_FILE_0}\"\n";
			showEnvVarsInLog = 0;
		};
		4C1BAAC71DEA636F9C18CFAE /* [CP] Embed Pods Frameworks */ = {
			isa = PBXShellScriptBuildPhase;
			buildActionMask = 2147483647;
			files = (
			);
			inputFileListPaths = (
				"${PODS_ROOT}/Target Support Files/Pods-LomoAgent/Pods-LomoAgent-frameworks-${CONFIGURATION}-input-files.xcfilelist",
			);
			name = "[CP] Embed Pods Frameworks";
			outputFileListPaths = (
				"${PODS_ROOT}/Target Support Files/Pods-LomoAgent/Pods-LomoAgent-frameworks-${CONFIGURATION}-output-files.xcfilelist",
			);
			runOnlyForDeploymentPostprocessing = 0;
			shellPath = /bin/sh;
			shellScript = "\"${PODS_ROOT}/Target Support Files/Pods-LomoAgent/Pods-LomoAgent-frameworks.sh\"\n";
			showEnvVarsInLog = 0;
		};
/* End PBXShellScriptBuildPhase section */

/* Begin PBXSourcesBuildPhase section */
		3A16D9CB231C501F0092EADD /* Sources */ = {
			isa = PBXSourcesBuildPhase;
			buildActionMask = 2147483647;
			files = (
				3A16D9E3231C605F0092EADD /* main.swift in Sources */,
				3A16D9D2231C501F0092EADD /* AppDelegate.swift in Sources */,
			);
			runOnlyForDeploymentPostprocessing = 0;
		};
		3A3896F4222F77FA004A2001 /* Sources */ = {
			isa = PBXSourcesBuildPhase;
			buildActionMask = 2147483647;
			files = (
				3A2FE40022E2B339000022B0 /* QRImage.swift in Sources */,
				3AE5886C2456A0F60079CB36 /* UserWindow.swift in Sources */,
				3A8BEF1122E4BA0B00DAE39C /* LomodService.swift in Sources */,
				3A94CC2E22E407A9002207D5 /* utils.swift in Sources */,
				3A1436512320C86700E0F154 /* LomoUpgrade.swift in Sources */,
				3A38970F22321A03004A2001 /* PreferencesWindow.swift in Sources */,
				3A38970A222F8168004A2001 /* StatusMenuController.swift in Sources */,
				3A3896FC222F77FA004A2001 /* AppDelegate.swift in Sources */,
				3AC3E846229F9B60004EA1D7 /* HyperlinkTextField.swift in Sources */,
				3A8BEF0F22E419F500DAE39C /* Localizable.swift in Sources */,
				3A35C5EA224365340030FF1B /* AboutWindow.swift in Sources */,
			);
			runOnlyForDeploymentPostprocessing = 0;
		};
/* End PBXSourcesBuildPhase section */

/* Begin PBXVariantGroup section */
		3A35C5E322435B710030FF1B /* PreferencesWindow.xib */ = {
			isa = PBXVariantGroup;
			children = (
				3A35C5E222435B710030FF1B /* Base */,
				3A35C5E522435B760030FF1B /* en */,
				3A35C5E722435B770030FF1B /* zh-Hans */,
			);
			name = PreferencesWindow.xib;
			sourceTree = "<group>";
		};
		3A35C5EE22436CBA0030FF1B /* AboutWindow.xib */ = {
			isa = PBXVariantGroup;
			children = (
				3A35C5ED22436CBA0030FF1B /* Base */,
				3A35C5F022436CBC0030FF1B /* en */,
				3A35C5F222436CBD0030FF1B /* zh-Hans */,
			);
			name = AboutWindow.xib;
			sourceTree = "<group>";
		};
		3A3896FF222F7801004A2001 /* MainMenu.xib */ = {
			isa = PBXVariantGroup;
			children = (
				3A389700222F7801004A2001 /* Base */,
				3AE58870245949350079CB36 /* zh-Hans */,
				3AE5887224594A270079CB36 /* en */,
			);
			name = MainMenu.xib;
			sourceTree = "<group>";
		};
		3A8BEF0C22E419BB00DAE39C /* Localizable.strings */ = {
			isa = PBXVariantGroup;
			children = (
				3A8BEF0B22E419BB00DAE39C /* en */,
				3A8BEF0D22E419BD00DAE39C /* zh-Hans */,
			);
			name = Localizable.strings;
			sourceTree = "<group>";
		};
		3AE5886624569FD40079CB36 /* UserWindow.xib */ = {
			isa = PBXVariantGroup;
			children = (
				3AE5886524569FD40079CB36 /* Base */,
				3AE5886824569FDB0079CB36 /* en */,
				3AE5886E245948990079CB36 /* zh-Hans */,
			);
			name = UserWindow.xib;
			sourceTree = "<group>";
		};
/* End PBXVariantGroup section */

/* Begin XCBuildConfiguration section */
		3A16D9DA231C50270092EADD /* Debug */ = {
			isa = XCBuildConfiguration;
			baseConfigurationReference = CEF4596F6EE46EA8DD33E70A /* Pods-LomoAgentLauncher.debug.xcconfig */;
			buildSettings = {
				ASSETCATALOG_COMPILER_APPICON_NAME = AppIcon;
				CODE_SIGN_ENTITLEMENTS = LomoAgentLauncher/LomoAgentLauncher.entitlements;
				CODE_SIGN_STYLE = Automatic;
				COMBINE_HIDPI_IMAGES = YES;
				DEVELOPMENT_TEAM = U73LFJTY32;
				INFOPLIST_FILE = LomoAgentLauncher/Info.plist;
				LD_RUNPATH_SEARCH_PATHS = (
					"$(inherited)",
					"@executable_path/../Frameworks",
				);
				MACOSX_DEPLOYMENT_TARGET = 10.14;
				PRODUCT_BUNDLE_IDENTIFIER = lomoware.lomorage.LomoAgentLauncher;
				PRODUCT_NAME = "$(TARGET_NAME)";
				SKIP_INSTALL = YES;
				SWIFT_VERSION = 5.0;
			};
			name = Debug;
		};
		3A16D9DB231C50270092EADD /* Release */ = {
			isa = XCBuildConfiguration;
			baseConfigurationReference = 0BC870F0F7BFB0BD3ECD9A6F /* Pods-LomoAgentLauncher.release.xcconfig */;
			buildSettings = {
				ASSETCATALOG_COMPILER_APPICON_NAME = AppIcon;
				CODE_SIGN_ENTITLEMENTS = LomoAgentLauncher/LomoAgentLauncher.entitlements;
				CODE_SIGN_STYLE = Automatic;
				COMBINE_HIDPI_IMAGES = YES;
				DEVELOPMENT_TEAM = U73LFJTY32;
				INFOPLIST_FILE = LomoAgentLauncher/Info.plist;
				LD_RUNPATH_SEARCH_PATHS = (
					"$(inherited)",
					"@executable_path/../Frameworks",
				);
				MACOSX_DEPLOYMENT_TARGET = 10.14;
				PRODUCT_BUNDLE_IDENTIFIER = lomoware.lomorage.LomoAgentLauncher;
				PRODUCT_NAME = "$(TARGET_NAME)";
				SKIP_INSTALL = YES;
				SWIFT_VERSION = 5.0;
			};
			name = Release;
		};
		3A389704222F7801004A2001 /* Debug */ = {
			isa = XCBuildConfiguration;
			buildSettings = {
				ALWAYS_SEARCH_USER_PATHS = NO;
				CLANG_ANALYZER_LOCALIZABILITY_NONLOCALIZED = YES;
				CLANG_ANALYZER_NONNULL = YES;
				CLANG_ANALYZER_NUMBER_OBJECT_CONVERSION = YES_AGGRESSIVE;
				CLANG_CXX_LANGUAGE_STANDARD = "gnu++14";
				CLANG_CXX_LIBRARY = "libc++";
				CLANG_ENABLE_MODULES = YES;
				CLANG_ENABLE_OBJC_ARC = YES;
				CLANG_ENABLE_OBJC_WEAK = YES;
				CLANG_WARN_BLOCK_CAPTURE_AUTORELEASING = YES;
				CLANG_WARN_BOOL_CONVERSION = YES;
				CLANG_WARN_COMMA = YES;
				CLANG_WARN_CONSTANT_CONVERSION = YES;
				CLANG_WARN_DEPRECATED_OBJC_IMPLEMENTATIONS = YES;
				CLANG_WARN_DIRECT_OBJC_ISA_USAGE = YES_ERROR;
				CLANG_WARN_DOCUMENTATION_COMMENTS = YES;
				CLANG_WARN_EMPTY_BODY = YES;
				CLANG_WARN_ENUM_CONVERSION = YES;
				CLANG_WARN_INFINITE_RECURSION = YES;
				CLANG_WARN_INT_CONVERSION = YES;
				CLANG_WARN_NON_LITERAL_NULL_CONVERSION = YES;
				CLANG_WARN_OBJC_IMPLICIT_RETAIN_SELF = YES;
				CLANG_WARN_OBJC_LITERAL_CONVERSION = YES;
				CLANG_WARN_OBJC_ROOT_CLASS = YES_ERROR;
				CLANG_WARN_RANGE_LOOP_ANALYSIS = YES;
				CLANG_WARN_STRICT_PROTOTYPES = YES;
				CLANG_WARN_SUSPICIOUS_MOVE = YES;
				CLANG_WARN_UNGUARDED_AVAILABILITY = YES_AGGRESSIVE;
				CLANG_WARN_UNREACHABLE_CODE = YES;
				CLANG_WARN__DUPLICATE_METHOD_MATCH = YES;
				CODE_SIGN_IDENTITY = "Mac Developer";
				COPY_PHASE_STRIP = NO;
				DEBUG_INFORMATION_FORMAT = dwarf;
				ENABLE_STRICT_OBJC_MSGSEND = YES;
				ENABLE_TESTABILITY = YES;
				GCC_C_LANGUAGE_STANDARD = gnu11;
				GCC_DYNAMIC_NO_PIC = NO;
				GCC_NO_COMMON_BLOCKS = YES;
				GCC_OPTIMIZATION_LEVEL = 0;
				GCC_PREPROCESSOR_DEFINITIONS = (
					"DEBUG=1",
					"$(inherited)",
				);
				GCC_WARN_64_TO_32_BIT_CONVERSION = YES;
				GCC_WARN_ABOUT_RETURN_TYPE = YES_ERROR;
				GCC_WARN_UNDECLARED_SELECTOR = YES;
				GCC_WARN_UNINITIALIZED_AUTOS = YES_AGGRESSIVE;
				GCC_WARN_UNUSED_FUNCTION = YES;
				GCC_WARN_UNUSED_VARIABLE = YES;
				MACOSX_DEPLOYMENT_TARGET = 10.13;
				MTL_ENABLE_DEBUG_INFO = INCLUDE_SOURCE;
				MTL_FAST_MATH = YES;
				ONLY_ACTIVE_ARCH = YES;
				SDKROOT = macosx;
				SWIFT_ACTIVE_COMPILATION_CONDITIONS = DEBUG;
				SWIFT_OPTIMIZATION_LEVEL = "-Onone";
			};
			name = Debug;
		};
		3A389705222F7801004A2001 /* Release */ = {
			isa = XCBuildConfiguration;
			buildSettings = {
				ALWAYS_SEARCH_USER_PATHS = NO;
				CLANG_ANALYZER_LOCALIZABILITY_NONLOCALIZED = YES;
				CLANG_ANALYZER_NONNULL = YES;
				CLANG_ANALYZER_NUMBER_OBJECT_CONVERSION = YES_AGGRESSIVE;
				CLANG_CXX_LANGUAGE_STANDARD = "gnu++14";
				CLANG_CXX_LIBRARY = "libc++";
				CLANG_ENABLE_MODULES = YES;
				CLANG_ENABLE_OBJC_ARC = YES;
				CLANG_ENABLE_OBJC_WEAK = YES;
				CLANG_WARN_BLOCK_CAPTURE_AUTORELEASING = YES;
				CLANG_WARN_BOOL_CONVERSION = YES;
				CLANG_WARN_COMMA = YES;
				CLANG_WARN_CONSTANT_CONVERSION = YES;
				CLANG_WARN_DEPRECATED_OBJC_IMPLEMENTATIONS = YES;
				CLANG_WARN_DIRECT_OBJC_ISA_USAGE = YES_ERROR;
				CLANG_WARN_DOCUMENTATION_COMMENTS = YES;
				CLANG_WARN_EMPTY_BODY = YES;
				CLANG_WARN_ENUM_CONVERSION = YES;
				CLANG_WARN_INFINITE_RECURSION = YES;
				CLANG_WARN_INT_CONVERSION = YES;
				CLANG_WARN_NON_LITERAL_NULL_CONVERSION = YES;
				CLANG_WARN_OBJC_IMPLICIT_RETAIN_SELF = YES;
				CLANG_WARN_OBJC_LITERAL_CONVERSION = YES;
				CLANG_WARN_OBJC_ROOT_CLASS = YES_ERROR;
				CLANG_WARN_RANGE_LOOP_ANALYSIS = YES;
				CLANG_WARN_STRICT_PROTOTYPES = YES;
				CLANG_WARN_SUSPICIOUS_MOVE = YES;
				CLANG_WARN_UNGUARDED_AVAILABILITY = YES_AGGRESSIVE;
				CLANG_WARN_UNREACHABLE_CODE = YES;
				CLANG_WARN__DUPLICATE_METHOD_MATCH = YES;
				CODE_SIGN_IDENTITY = "Mac Developer";
				COPY_PHASE_STRIP = NO;
				DEBUG_INFORMATION_FORMAT = "dwarf-with-dsym";
				ENABLE_NS_ASSERTIONS = NO;
				ENABLE_STRICT_OBJC_MSGSEND = YES;
				GCC_C_LANGUAGE_STANDARD = gnu11;
				GCC_NO_COMMON_BLOCKS = YES;
				GCC_WARN_64_TO_32_BIT_CONVERSION = YES;
				GCC_WARN_ABOUT_RETURN_TYPE = YES_ERROR;
				GCC_WARN_UNDECLARED_SELECTOR = YES;
				GCC_WARN_UNINITIALIZED_AUTOS = YES_AGGRESSIVE;
				GCC_WARN_UNUSED_FUNCTION = YES;
				GCC_WARN_UNUSED_VARIABLE = YES;
				MACOSX_DEPLOYMENT_TARGET = 10.13;
				MTL_ENABLE_DEBUG_INFO = NO;
				MTL_FAST_MATH = YES;
				SDKROOT = macosx;
				SWIFT_COMPILATION_MODE = wholemodule;
				SWIFT_OPTIMIZATION_LEVEL = "-O";
			};
			name = Release;
		};
		3A389707222F7801004A2001 /* Debug */ = {
			isa = XCBuildConfiguration;
			baseConfigurationReference = 116707D12FB1B16BD38492A2 /* Pods-LomoAgent.debug.xcconfig */;
			buildSettings = {
				ASSETCATALOG_COMPILER_APPICON_NAME = AppIcon;
				CODE_SIGN_IDENTITY = "Apple Development";
				CODE_SIGN_STYLE = Automatic;
				COMBINE_HIDPI_IMAGES = YES;
				CURRENT_PROJECT_VERSION = 2019_10_10.00_41_58.0.fc9ca86;
				DEVELOPMENT_TEAM = U73LFJTY32;
				INFOPLIST_FILE = LomoAgent/Info.plist;
				LD_RUNPATH_SEARCH_PATHS = (
					"$(inherited)",
					"@executable_path/../Frameworks",
				);
				MACOSX_DEPLOYMENT_TARGET = 10.11;
				OTHER_CODE_SIGN_FLAGS = "--deep";
				PRODUCT_BUNDLE_IDENTIFIER = lomoware.lomorage.LomoAgent;
				PRODUCT_NAME = "$(TARGET_NAME)";
				PROVISIONING_PROFILE_SPECIFIER = "";
				SWIFT_VERSION = 4.2;
			};
			name = Debug;
		};
		3A389708222F7801004A2001 /* Release */ = {
			isa = XCBuildConfiguration;
			baseConfigurationReference = 7F29134117C52A44E7560EE1 /* Pods-LomoAgent.release.xcconfig */;
			buildSettings = {
				ASSETCATALOG_COMPILER_APPICON_NAME = AppIcon;
				CODE_SIGN_IDENTITY = "Apple Development";
				CODE_SIGN_STYLE = Automatic;
				COMBINE_HIDPI_IMAGES = YES;
				CURRENT_PROJECT_VERSION = 2019_10_10.00_41_58.0.fc9ca86;
				DEVELOPMENT_TEAM = U73LFJTY32;
				INFOPLIST_FILE = LomoAgent/Info.plist;
				LD_RUNPATH_SEARCH_PATHS = (
					"$(inherited)",
					"@executable_path/../Frameworks",
				);
				MACOSX_DEPLOYMENT_TARGET = 10.11;
				OTHER_CODE_SIGN_FLAGS = "--deep";
				PRODUCT_BUNDLE_IDENTIFIER = lomoware.lomorage.LomoAgent;
				PRODUCT_NAME = "$(TARGET_NAME)";
				PROVISIONING_PROFILE_SPECIFIER = "";
				SWIFT_VERSION = 4.2;
			};
			name = Release;
		};
/* End XCBuildConfiguration section */

/* Begin XCConfigurationList section */
		3A16D9DC231C50270092EADD /* Build configuration list for PBXNativeTarget "LomoAgentLauncher" */ = {
			isa = XCConfigurationList;
			buildConfigurations = (
				3A16D9DA231C50270092EADD /* Debug */,
				3A16D9DB231C50270092EADD /* Release */,
			);
			defaultConfigurationIsVisible = 0;
			defaultConfigurationName = Release;
		};
		3A3896F3222F77FA004A2001 /* Build configuration list for PBXProject "LomoAgent" */ = {
			isa = XCConfigurationList;
			buildConfigurations = (
				3A389704222F7801004A2001 /* Debug */,
				3A389705222F7801004A2001 /* Release */,
			);
			defaultConfigurationIsVisible = 0;
			defaultConfigurationName = Release;
		};
		3A389706222F7801004A2001 /* Build configuration list for PBXNativeTarget "LomoAgent" */ = {
			isa = XCConfigurationList;
			buildConfigurations = (
				3A389707222F7801004A2001 /* Debug */,
				3A389708222F7801004A2001 /* Release */,
			);
			defaultConfigurationIsVisible = 0;
			defaultConfigurationName = Release;
		};
/* End XCConfigurationList section */
	};
	rootObject = 3A3896F0222F77FA004A2001 /* Project object */;
}
